#MicroXplorer Configuration settings - do not modify
Mcu.Family=STM32L4
ProjectManager.MainLocation=Core/Src
PCC.Series=STM32L4
RCC.USART1Freq_Value=48000000
RCC.SAI1Freq_Value=18285714.285714287
USART2.IPParameters=VirtualMode-Asynchronous
RCC.CortexFreq_Value=48000000
ProjectManager.KeepUserCode=true
Mcu.UserName=STM32L476RGTx
PCC.Seq0.Step0.CPU_Frequency=48 MHz
PH0-OSC_IN\ (PH0).Signal=RCC_OSC_IN
PH0-OSC_IN\ (PH0).Locked=true
PCC.Seq0.Step0.User's_Consumption=0 mA
RCC.PLLSAI1RoutputFreq_Value=64000000
ProjectManager.functionlistsort=1-MX_GPIO_Init-GPIO-false-HAL-true,2-SystemClock_Config-RCC-false-HAL-false,3-MX_USART2_UART_Init-USART2-false-HAL-true,4-MX_RTC_Init-RTC-false-HAL-true
PA13\ (JTMS-SWDIO).Locked=true
VP_RTC_VS_RTC_Activate.Mode=RTC_Enabled
RCC.RTCFreq_Value=32768
RCC.USART2Freq_Value=16000000
PC15-OSC32_OUT\ (PC15).Mode=LSE-External-Oscillator
PCC.Seq0.Step1.Duration=0.9 ms
PC13.GPIO_Label=B1 [Blue PushButton]
PinOutPanel.RotationAngle=0
RCC.MCO1PinFreq_Value=48000000
ProjectManager.StackSize=0x400
PB3\ (JTDO-TRACESWO).Signal=SYS_JTDO-SWO
PC14-OSC32_IN\ (PC14).Mode=LSE-External-Oscillator
SH.GPXTI13.0=GPIO_EXTI13
PA14\ (JTCK-SWCLK).Signal=SYS_JTCK-SWCLK
RCC.I2C3Freq_Value=48000000
RCC.LPTIM1Freq_Value=32768
Mcu.IP4=SYS
RCC.FCLKCortexFreq_Value=48000000
Mcu.IP5=USART2
NVIC.SVCall_IRQn=true\:0\:0\:false\:false\:false\:false\:false\:false
Mcu.IP2=RCC
PCC.Seq0.Step1.Oscillator=ALL CLOCKS OFF
Mcu.IP3=RTC
Mcu.IP0=FREERTOS
Mcu.IP1=NVIC
RTC.SynchPrediv=8191
PCC.PartNumber=STM32L476RGTx
Mcu.UserConstants=
RCC.VCOSAI1OutputFreq_Value=128000000
RCC.SDMMCFreq_Value=64000000
SH.GPXTI13.ConfNb=1
PA14\ (JTCK-SWCLK).GPIOParameters=GPIO_Label
Mcu.ThirdPartyNb=0
RCC.HCLKFreq_Value=48000000
Mcu.IPNb=6
ProjectManager.PreviousToolchain=
RCC.APB2TimFreq_Value=48000000
PCC.Seq0.Step1.TaMax=105
RTC.IPParameters=AsynchPrediv,SynchPrediv
FREERTOS.configUSE_MALLOC_FAILED_HOOK=1
Mcu.Pin6=PA3
RCC.SAI2Freq_Value=18285714.285714287
Mcu.Pin7=PA5
Mcu.Pin8=PA13 (JTMS-SWDIO)
Mcu.Pin9=PA14 (JTCK-SWCLK)
PCC.Seq0.Step1.Category=In DS Table
FREERTOS.IPParameters=Tasks01,configCHECK_FOR_STACK_OVERFLOW,configUSE_TICKLESS_IDLE,configUSE_MALLOC_FAILED_HOOK,configUSE_TICK_HOOK,INCLUDE_vTaskDelayUntil,configUSE_TIMERS,configTIMER_TASK_PRIORITY,Timers01,FootprintOK
RCC.AHBFreq_Value=48000000
RCC.PREFETCH_ENABLE=1
Mcu.Pin0=PC13
Mcu.Pin1=PC14-OSC32_IN (PC14)
GPIO.groupedBy=Group By Peripherals
Mcu.Pin2=PC15-OSC32_OUT (PC15)
Mcu.Pin3=PH0-OSC_IN (PH0)
RCC.USART3Freq_Value=48000000
Mcu.Pin4=PH1-OSC_OUT (PH1)
NVIC.EXTI15_10_IRQn=true\:15\:0\:true\:false\:true\:true\:true\:true
Mcu.Pin5=PA2
ProjectManager.ProjectBuild=false
RCC.HSE_VALUE=8000000
NVIC.UsageFault_IRQn=true\:0\:0\:false\:false\:true\:false\:true\:false
FREERTOS.configUSE_TIMERS=1
NVIC.DebugMonitor_IRQn=true\:0\:0\:false\:false\:true\:false\:true\:false
PCC.Seq0.Step1.Vdd=3.0
PCC.Seq0.Step0.Voltage_Source=Battery
USART2.VirtualMode-Asynchronous=VM_ASYNC
PCC.Seq0.Step0.DMIPS=60.0
RCC.RTCClockSelection=RCC_RTCCLKSOURCE_LSE
NVIC.SysTick_IRQn=true\:15\:0\:false\:false\:false\:true\:true\:true
ProjectManager.FirmwarePackage=STM32Cube FW_L4 V1.17.0
MxDb.Version=DB.6.0.20
NVIC.TIM1_TRG_COM_TIM17_IRQn=true\:0\:0\:false\:false\:true\:false\:false\:true
ProjectManager.BackupPrevious=false
VP_SYS_VS_tim17.Signal=SYS_VS_tim17
RCC.VCOInputFreq_Value=16000000
PA5.GPIO_PuPd=GPIO_NOPULL
File.Version=6
PC13.GPIO_PuPd=GPIO_NOPULL
RTC.AsynchPrediv=3
RCC.PLLRCLKFreq_Value=80000000
NVIC.PendSV_IRQn=true\:15\:0\:false\:false\:false\:true\:false\:false
VP_FREERTOS_VS_CMSIS_V1.Mode=CMSIS_V1
FREERTOS.configTIMER_TASK_PRIORITY=6
ProjectManager.HalAssertFull=false
ProjectManager.ProjectName=LPTIM-tick
PCC.Seq0.Step0.Oscillator=HSE
Mcu.Package=LQFP64
PA5.Locked=true
NVIC.TimeBase=TIM1_TRG_COM_TIM17_IRQn
ProjectManager.ToolChainLocation=
RCC.LSI_VALUE=32000
PCC.Seq0.Step1.Average_Current=1.18 \u00B5A
NVIC.TimeBaseIP=TIM17
RCC.LSCOPinFreq_Value=32000
FREERTOS.FootprintOK=true
RCC.DFSDMFreq_Value=48000000
PCC.Checker=true
PA5.GPIOParameters=GPIO_Speed,GPIO_PuPd,GPIO_Label,GPIO_ModeDefaultOutputPP
PCC.Seq0.Step0.Duration=0.1 ms
PC14-OSC32_IN\ (PC14).Locked=true
PCC.Seq0.Step1.DMIPS=0.0
RCC.PLLPoutputFreq_Value=22857142.85714286
RCC.APB1TimFreq_Value=48000000
NVIC.BusFault_IRQn=true\:0\:0\:false\:false\:true\:false\:true\:false
FREERTOS.configUSE_TICK_HOOK=1
RCC.LPUART1Freq_Value=48000000
PCC.Seq0.Step0.Peripherals=
PA13\ (JTMS-SWDIO).Signal=SYS_JTMS-SWDIO
PCC.Seq0.Step1.Mode=STOP2
PA13\ (JTMS-SWDIO).GPIOParameters=GPIO_Label
ProjectManager.CustomerFirmwarePackage=
RCC.MSIClockRange=RCC_MSIRANGE_11
PB3\ (JTDO-TRACESWO).Locked=true
PA3.Signal=USART2_RX
PCC.Seq0.Step1.CPU_Frequency=0 Hz
PCC.Seq0.Step1.Memory=n/a
PA2.Locked=true
VP_RTC_VS_RTC_Activate.Signal=RTC_VS_RTC_Activate
RCC.MSI_VALUE=48000000
RCC.PLLSourceVirtual=RCC_PLLSOURCE_HSI
PCC.Seq0.Step0.Category=In DS Table
PA14\ (JTCK-SWCLK).Mode=Serial_Wire
RCC.PLLQoutputFreq_Value=80000000
ProjectManager.ProjectFileName=LPTIM-tick.ioc
FREERTOS.Tasks01=mainTask,0,256,mainOsTask,Default,NULL,Dynamic,NULL,NULL
Mcu.PinsNb=14
PCC.Seq0.Step0.Average_Current=6.28 mA
PCC.Vdd=3.0
ProjectManager.NoMain=false
VP_SYS_VS_tim17.Mode=TIM17
PC13.Locked=true
NVIC.SavedSvcallIrqHandlerGenerated=true
PC13.Signal=GPXTI13
FREERTOS.INCLUDE_vTaskDelayUntil=1
RCC.SWPMI1Freq_Value=48000000
FREERTOS.configCHECK_FOR_STACK_OVERFLOW=2
FREERTOS.configUSE_TICKLESS_IDLE=2
ProjectManager.DefaultFWLocation=true
PC15-OSC32_OUT\ (PC15).Signal=RCC_OSC32_OUT
PA14\ (JTCK-SWCLK).GPIO_Label=TCK
PB3\ (JTDO-TRACESWO).GPIO_Label=SWO
ProjectManager.DeletePrevious=true
PCC.Line=STM32L4x6
RCC.VCOSAI2OutputFreq_Value=128000000
boardIOC=true
NVIC.USART2_IRQn=true\:15\:0\:true\:false\:true\:true\:true\:true
RCC.FamilyName=M
PH1-OSC_OUT\ (PH1).Signal=RCC_OSC_OUT
PA3.Mode=Asynchronous
VP_FREERTOS_VS_CMSIS_V1.Signal=FREERTOS_VS_CMSIS_V1
PCC.Seq0.Step0.TaMax=104.15
PCC.MCU=STM32L476R(C-E-G)Tx
ProjectManager.TargetToolchain=STM32CubeIDE
PCC.Seq0.Step1.User's_Consumption=0 mA
PCC.Seq0.Step0.Mode=RUN
RCC.LPTIM1CLockSelection=RCC_LPTIM1CLKSOURCE_LSE
ProjectManager.RegisterCallBack=
PC15-OSC32_OUT\ (PC15).Locked=true
RCC.USBFreq_Value=64000000
RCC.PLLSAI1PoutputFreq_Value=18285714.285714287
RCC.PLLSAI2RoutputFreq_Value=64000000
PA5.Signal=GPIO_Output
PH1-OSC_OUT\ (PH1).Locked=true
board=NUCLEO-L476RG
PCC.Temperature=25
RCC.VCOOutputFreq_Value=160000000
ProjectManager.LastFirmware=true
NVIC.SavedSystickIrqHandlerGenerated=true
RCC.APB2Freq_Value=48000000
RCC.UART4Freq_Value=48000000
PCC.Seq0.Step0.Frequency=48 MHz
PCC.Seq0.Step0.Vcore=Range1-High
MxCube.Version=6.2.0
PB3\ (JTDO-TRACESWO).GPIOParameters=GPIO_Label
PA5.GPIO_ModeDefaultOutputPP=GPIO_MODE_OUTPUT_PP
PA13\ (JTMS-SWDIO).GPIO_Label=TMS
RCC.I2C1Freq_Value=48000000
PC13.GPIOParameters=GPIO_PuPd,GPIO_Label,GPIO_ModeDefaultEXTI
RCC.LCDFreq_Value=32768
RCC.RNGFreq_Value=64000000
RCC.PLLSAI1QoutputFreq_Value=64000000
RCC.ADCFreq_Value=64000000
NVIC.NonMaskableInt_IRQn=true\:0\:0\:false\:false\:true\:false\:true\:false
RCC.UART5Freq_Value=48000000
ProjectManager.FreePins=false
RCC.IPParameters=ADCFreq_Value,AHBFreq_Value,APB1Freq_Value,APB1TimFreq_Value,APB2Freq_Value,APB2TimFreq_Value,CortexFreq_Value,DFSDMFreq_Value,FCLKCortexFreq_Value,FamilyName,HCLKFreq_Value,HSE_VALUE,HSI_VALUE,I2C1Freq_Value,I2C2Freq_Value,I2C3Freq_Value,LCDFreq_Value,LPTIM1CLockSelection,LPTIM1Freq_Value,LPTIM2Freq_Value,LPUART1Freq_Value,LSCOPinFreq_Value,LSI_VALUE,MCO1PinFreq_Value,MSIClockRange,MSI_VALUE,PLLN,PLLPoutputFreq_Value,PLLQoutputFreq_Value,PLLRCLKFreq_Value,PLLSAI1PoutputFreq_Value,PLLSAI1QoutputFreq_Value,PLLSAI1RoutputFreq_Value,PLLSAI2PoutputFreq_Value,PLLSAI2RoutputFreq_Value,PLLSourceVirtual,PREFETCH_ENABLE,PWRFreq_Value,RNGFreq_Value,RTCClockSelection,RTCFreq_Value,SAI1Freq_Value,SAI2Freq_Value,SDMMCFreq_Value,SWPMI1Freq_Value,SYSCLKFreq_VALUE,UART4Freq_Value,UART5Freq_Value,USART1Freq_Value,USART2CLockSelection,USART2Freq_Value,USART3Freq_Value,USBFreq_Value,VCOInputFreq_Value,VCOOutputFreq_Value,VCOSAI1OutputFreq_Value,VCOSAI2OutputFreq_Value
ProjectManager.AskForMigrate=true
Mcu.Name=STM32L476R(C-E-G)Tx
RCC.LPTIM2Freq_Value=48000000
NVIC.SavedPendsvIrqHandlerGenerated=true
PA2.Signal=USART2_TX
ProjectManager.UnderRoot=true
ProjectManager.CoupleFile=false
PCC.Seq0.Step0.Memory=FLASH/ART/Cache
PA13\ (JTMS-SWDIO).Mode=Serial_Wire
RCC.SYSCLKFreq_VALUE=48000000
PA3.Locked=true
PA5.GPIO_Label=LD2 [green Led]
PA14\ (JTCK-SWCLK).Locked=true
NVIC.ForceEnableDMAVector=true
RCC.PLLSAI2PoutputFreq_Value=18285714.285714287
KeepUserPlacement=false
PC13.GPIO_ModeDefaultEXTI=GPIO_MODE_IT_FALLING
PC14-OSC32_IN\ (PC14).Signal=RCC_OSC32_IN
NVIC.MemoryManagement_IRQn=true\:0\:0\:false\:false\:true\:false\:true\:false
ProjectManager.CompilerOptimize=6
ProjectManager.HeapSize=0x200
NVIC.HardFault_IRQn=true\:0\:0\:false\:false\:true\:false\:true\:false
Mcu.Pin13=VP_SYS_VS_tim17
ProjectManager.ComputerToolchain=false
FREERTOS.Timers01=ledTimer,ledTimerCallback,osTimerPeriodic,Default,NULL,Dynamic,NULL;resultsTimer,resultsTimerCallback,osTimerPeriodic,Default,NULL,Dynamic,NULL
RCC.HSI_VALUE=16000000
PCC.Seq0.Step1.Frequency=0 Hz
PA5.GPIO_Speed=GPIO_SPEED_FREQ_LOW
NVIC.PriorityGroup=NVIC_PRIORITYGROUP_4
Mcu.Pin11=VP_FREERTOS_VS_CMSIS_V1
Mcu.Pin12=VP_RTC_VS_RTC_Activate
RCC.PLLN=10
Mcu.Pin10=PB3 (JTDO-TRACESWO)
PCC.Seq0.Step1.Peripherals=
PA2.Mode=Asynchronous
RCC.PWRFreq_Value=48000000
RCC.USART2CLockSelection=RCC_USART2CLKSOURCE_HSI
PCC.Seq0.Step1.Vcore=NoRange
PCC.Seq0.Step1.Voltage_Source=Battery
PCC.Seq0.Step0.Vdd=3.0
PCC.Seq0=2
RCC.I2C2Freq_Value=48000000
RCC.APB1Freq_Value=48000000
ProjectManager.DeviceId=STM32L476RGTx
ProjectManager.LibraryCopy=1
isbadioc=false
